
Microsoft Visual Studio Solution File, Format Version 12.00
# Visual Studio Version 17
VisualStudioVersion = 17.1.32421.90
MinimumVisualStudioVersion = 10.0.40219.1
Project("{9A19103F-16F7-4668-BE54-9A1E7A4F7556}") = "DatalogExplorer", "DatalogExplorer\DatalogExplorer.csproj", "{438524C4-596F-4FFF-B46D-4EFDE76E1381}"
EndProject
Project("{9A19103F-16F7-4668-BE54-9A1E7A4F7556}") = "Sharplog", "SharpLog\Sharplog.csproj", "{436C14B0-FB8E-4C2B-9D33-B9FD10ED2814}"
EndProject
Global
	GlobalSection(SolutionConfigurationPlatforms) = preSolution
		Debug|Any CPU = Debug|Any CPU
		Release|Any CPU = Release|Any CPU
	EndGlobalSection
	GlobalSection(ProjectConfigurationPlatforms) = postSolution
		{438524C4-596F-4FFF-B46D-4EFDE76E1381}.Debug|Any CPU.ActiveCfg = Debug|Any CPU
		{438524C4-596F-4FFF-B46D-4EFDE76E1381}.Debug|Any CPU.Build.0 = Debug|Any CPU
		{438524C4-596F-4FFF-B46D-4EFDE76E1381}.Release|Any CPU.ActiveCfg = Release|Any CPU
		{438524C4-596F-4FFF-B46D-4EFDE76E1381}.Release|Any CPU.Build.0 = Release|Any CPU
		{436C14B0-FB8E-4C2B-9D33-B9FD10ED2814}.Debug|Any CPU.ActiveCfg = Debug|Any CPU
		{436C14B0-FB8E-4C2B-9D33-B9FD10ED2814}.Debug|Any CPU.Build.0 = Debug|Any CPU
		{436C14B0-FB8E-4C2B-9D33-B9FD10ED2814}.Release|Any CPU.ActiveCfg = Release|Any CPU
		{436C14B0-FB8E-4C2B-9D33-B9FD10ED2814}.Release|Any CPU.Build.0 = Release|Any CPU
	EndGlobalSection
	GlobalSection(SolutionProperties) = preSolution
		HideSolutionNode = FALSE
	EndGlobalSection
	GlobalSection(ExtensibilityGlobals) = postSolution
		SolutionGuid = {3E92E59C-4228-422E-B83A-4AA959F2A9E5}
	EndGlobalSection
EndGlobal
